// !$*UTF8*$!
{
	archiveVersion = 1;
	classes = {
	};
	objectVersion = 50;
	objects = {

/* Begin PBXBuildFile section */
		951D6660250F442D009E5BCB /* AppDelegate.swift in Sources */ = {isa = PBXBuildFile; fileRef = 951D665F250F442D009E5BCB /* AppDelegate.swift */; };
		951D6662250F442D009E5BCB /* SceneDelegate.swift in Sources */ = {isa = PBXBuildFile; fileRef = 951D6661250F442D009E5BCB /* SceneDelegate.swift */; };
		951D6664250F442D009E5BCB /* TopPostsListViewController.swift in Sources */ = {isa = PBXBuildFile; fileRef = 951D6663250F442D009E5BCB /* TopPostsListViewController.swift */; };
		951D6669250F442F009E5BCB /* Assets.xcassets in Resources */ = {isa = PBXBuildFile; fileRef = 951D6668250F442F009E5BCB /* Assets.xcassets */; };
		951D666C250F442F009E5BCB /* LaunchScreen.storyboard in Resources */ = {isa = PBXBuildFile; fileRef = 951D666A250F442F009E5BCB /* LaunchScreen.storyboard */; };
		951D6681250F67F9009E5BCB /* RedditService.swift in Sources */ = {isa = PBXBuildFile; fileRef = 951D6680250F67F9009E5BCB /* RedditService.swift */; };
		951D6683250F6808009E5BCB /* RedditServiceType.swift in Sources */ = {isa = PBXBuildFile; fileRef = 951D6682250F6808009E5BCB /* RedditServiceType.swift */; };
		951D6686250F6A62009E5BCB /* TopPostsListModel.swift in Sources */ = {isa = PBXBuildFile; fileRef = 951D6685250F6A62009E5BCB /* TopPostsListModel.swift */; };
		951D6688250F6B69009E5BCB /* TopPostsListProtocols.swift in Sources */ = {isa = PBXBuildFile; fileRef = 951D6687250F6B69009E5BCB /* TopPostsListProtocols.swift */; };
		951D669C250F8AC7009E5BCB /* PostsList.swift in Sources */ = {isa = PBXBuildFile; fileRef = 951D669A250F8AC7009E5BCB /* PostsList.swift */; };
		951D669D250F8AC7009E5BCB /* Post.swift in Sources */ = {isa = PBXBuildFile; fileRef = 951D669B250F8AC7009E5BCB /* Post.swift */; };
		951D669F250F8ACE009E5BCB /* APIError.swift in Sources */ = {isa = PBXBuildFile; fileRef = 951D669E250F8ACE009E5BCB /* APIError.swift */; };
		951D66A1250F8B2A009E5BCB /* TopPostsListAssembly.swift in Sources */ = {isa = PBXBuildFile; fileRef = 951D66A0250F8B2A009E5BCB /* TopPostsListAssembly.swift */; };
		951D66A3250F8BD4009E5BCB /* TopPostsListViewController.storyboard in Resources */ = {isa = PBXBuildFile; fileRef = 951D66A2250F8BD4009E5BCB /* TopPostsListViewController.storyboard */; };
/* End PBXBuildFile section */

/* Begin PBXFileReference section */
		951D665C250F442D009E5BCB /* Reddit Client.app */ = {isa = PBXFileReference; explicitFileType = wrapper.application; includeInIndex = 0; path = "Reddit Client.app"; sourceTree = BUILT_PRODUCTS_DIR; };
		951D665F250F442D009E5BCB /* AppDelegate.swift */ = {isa = PBXFileReference; lastKnownFileType = sourcecode.swift; path = AppDelegate.swift; sourceTree = "<group>"; };
		951D6661250F442D009E5BCB /* SceneDelegate.swift */ = {isa = PBXFileReference; lastKnownFileType = sourcecode.swift; path = SceneDelegate.swift; sourceTree = "<group>"; };
		951D6663250F442D009E5BCB /* TopPostsListViewController.swift */ = {isa = PBXFileReference; lastKnownFileType = sourcecode.swift; path = TopPostsListViewController.swift; sourceTree = "<group>"; };
		951D6668250F442F009E5BCB /* Assets.xcassets */ = {isa = PBXFileReference; lastKnownFileType = folder.assetcatalog; path = Assets.xcassets; sourceTree = "<group>"; };
		951D666B250F442F009E5BCB /* Base */ = {isa = PBXFileReference; lastKnownFileType = file.storyboard; name = Base; path = Base.lproj/LaunchScreen.storyboard; sourceTree = "<group>"; };
		951D666D250F442F009E5BCB /* Info.plist */ = {isa = PBXFileReference; lastKnownFileType = text.plist.xml; path = Info.plist; sourceTree = "<group>"; };
		951D6680250F67F9009E5BCB /* RedditService.swift */ = {isa = PBXFileReference; lastKnownFileType = sourcecode.swift; path = RedditService.swift; sourceTree = "<group>"; };
		951D6682250F6808009E5BCB /* RedditServiceType.swift */ = {isa = PBXFileReference; lastKnownFileType = sourcecode.swift; path = RedditServiceType.swift; sourceTree = "<group>"; };
		951D6685250F6A62009E5BCB /* TopPostsListModel.swift */ = {isa = PBXFileReference; lastKnownFileType = sourcecode.swift; path = TopPostsListModel.swift; sourceTree = "<group>"; };
		951D6687250F6B69009E5BCB /* TopPostsListProtocols.swift */ = {isa = PBXFileReference; lastKnownFileType = sourcecode.swift; path = TopPostsListProtocols.swift; sourceTree = "<group>"; };
		951D669A250F8AC7009E5BCB /* PostsList.swift */ = {isa = PBXFileReference; fileEncoding = 4; lastKnownFileType = sourcecode.swift; path = PostsList.swift; sourceTree = "<group>"; };
		951D669B250F8AC7009E5BCB /* Post.swift */ = {isa = PBXFileReference; fileEncoding = 4; lastKnownFileType = sourcecode.swift; path = Post.swift; sourceTree = "<group>"; };
		951D669E250F8ACE009E5BCB /* APIError.swift */ = {isa = PBXFileReference; fileEncoding = 4; lastKnownFileType = sourcecode.swift; path = APIError.swift; sourceTree = "<group>"; };
		951D66A0250F8B2A009E5BCB /* TopPostsListAssembly.swift */ = {isa = PBXFileReference; lastKnownFileType = sourcecode.swift; path = TopPostsListAssembly.swift; sourceTree = "<group>"; };
		951D66A2250F8BD4009E5BCB /* TopPostsListViewController.storyboard */ = {isa = PBXFileReference; lastKnownFileType = file.storyboard; path = TopPostsListViewController.storyboard; sourceTree = "<group>"; };
/* End PBXFileReference section */

/* Begin PBXFrameworksBuildPhase section */
		951D6659250F442D009E5BCB /* Frameworks */ = {
			isa = PBXFrameworksBuildPhase;
			buildActionMask = 2147483647;
			files = (
			);
			runOnlyForDeploymentPostprocessing = 0;
		};
/* End PBXFrameworksBuildPhase section */

/* Begin PBXGroup section */
		950076D6250FF6A100500FCB /* View */ = {
			isa = PBXGroup;
			children = (
				951D66A2250F8BD4009E5BCB /* TopPostsListViewController.storyboard */,
			);
			path = View;
			sourceTree = "<group>";
		};
		950076D7250FF6B000500FCB /* Controller */ = {
			isa = PBXGroup;
			children = (
				951D6663250F442D009E5BCB /* TopPostsListViewController.swift */,
			);
			path = Controller;
			sourceTree = "<group>";
		};
		950076D8250FF6B200500FCB /* Model */ = {
			isa = PBXGroup;
			children = (
				951D6685250F6A62009E5BCB /* TopPostsListModel.swift */,
			);
			path = Model;
			sourceTree = "<group>";
		};
		950076D9250FF6C400500FCB /* Assembly */ = {
			isa = PBXGroup;
			children = (
				951D66A0250F8B2A009E5BCB /* TopPostsListAssembly.swift */,
			);
			path = Assembly;
			sourceTree = "<group>";
		};
		950076DA250FF6DF00500FCB /* Protocols */ = {
			isa = PBXGroup;
			children = (
				951D6687250F6B69009E5BCB /* TopPostsListProtocols.swift */,
			);
			path = Protocols;
			sourceTree = "<group>";
		};
		951D6653250F442D009E5BCB = {
			isa = PBXGroup;
			children = (
				951D665E250F442D009E5BCB /* Reddit Client */,
				951D665D250F442D009E5BCB /* Products */,
			);
			sourceTree = "<group>";
		};
		951D665D250F442D009E5BCB /* Products */ = {
			isa = PBXGroup;
			children = (
				951D665C250F442D009E5BCB /* Reddit Client.app */,
			);
			name = Products;
			sourceTree = "<group>";
		};
		951D665E250F442D009E5BCB /* Reddit Client */ = {
			isa = PBXGroup;
			children = (
				951D6673250F6492009E5BCB /* AppLayer */,
				951D6674250F64AB009E5BCB /* BusinessLayer */,
				951D667E250F6595009E5BCB /* PresentationLayer */,
				951D667D250F656D009E5BCB /* SupportingFiles */,
				951D667C250F654E009E5BCB /* Resources */,
			);
			path = "Reddit Client";
			sourceTree = "<group>";
		};
		951D6673250F6492009E5BCB /* AppLayer */ = {
			isa = PBXGroup;
			children = (
				951D665F250F442D009E5BCB /* AppDelegate.swift */,
				951D6661250F442D009E5BCB /* SceneDelegate.swift */,
			);
			path = AppLayer;
			sourceTree = "<group>";
		};
		951D6674250F64AB009E5BCB /* BusinessLayer */ = {
			isa = PBXGroup;
			children = (
				951D6693250F89E2009E5BCB /* APIError */,
				951D6692250F89DB009E5BCB /* Entitites */,
				951D6684250F680E009E5BCB /* RedditService */,
			);
			path = BusinessLayer;
			sourceTree = "<group>";
		};
		951D667C250F654E009E5BCB /* Resources */ = {
			isa = PBXGroup;
			children = (
				951D666A250F442F009E5BCB /* LaunchScreen.storyboard */,
				951D6668250F442F009E5BCB /* Assets.xcassets */,
			);
			path = Resources;
			sourceTree = "<group>";
		};
		951D667D250F656D009E5BCB /* SupportingFiles */ = {
			isa = PBXGroup;
			children = (
				951D666D250F442F009E5BCB /* Info.plist */,
			);
			path = SupportingFiles;
			sourceTree = "<group>";
		};
		951D667E250F6595009E5BCB /* PresentationLayer */ = {
			isa = PBXGroup;
			children = (
				951D667F250F65E1009E5BCB /* TopPostsListModule */,
			);
			path = PresentationLayer;
			sourceTree = "<group>";
		};
		951D667F250F65E1009E5BCB /* TopPostsListModule */ = {
			isa = PBXGroup;
			children = (
				950076DA250FF6DF00500FCB /* Protocols */,
				950076D9250FF6C400500FCB /* Assembly */,
				950076D8250FF6B200500FCB /* Model */,
				950076D6250FF6A100500FCB /* View */,
				950076D7250FF6B000500FCB /* Controller */,
			);
			path = TopPostsListModule;
			sourceTree = "<group>";
		};
		951D6684250F680E009E5BCB /* RedditService */ = {
			isa = PBXGroup;
			children = (
				951D6680250F67F9009E5BCB /* RedditService.swift */,
				951D6682250F6808009E5BCB /* RedditServiceType.swift */,
			);
			path = RedditService;
			sourceTree = "<group>";
		};
		951D6692250F89DB009E5BCB /* Entitites */ = {
			isa = PBXGroup;
			children = (
				951D669A250F8AC7009E5BCB /* PostsList.swift */,
				951D669B250F8AC7009E5BCB /* Post.swift */,
			);
			path = Entitites;
			sourceTree = "<group>";
		};
		951D6693250F89E2009E5BCB /* APIError */ = {
			isa = PBXGroup;
			children = (
				951D669E250F8ACE009E5BCB /* APIError.swift */,
			);
			path = APIError;
			sourceTree = "<group>";
		};
/* End PBXGroup section */

/* Begin PBXNativeTarget section */
		951D665B250F442D009E5BCB /* Reddit Client */ = {
			isa = PBXNativeTarget;
			buildConfigurationList = 951D6670250F442F009E5BCB /* Build configuration list for PBXNativeTarget "Reddit Client" */;
			buildPhases = (
				951D6658250F442D009E5BCB /* Sources */,
				951D6659250F442D009E5BCB /* Frameworks */,
				951D665A250F442D009E5BCB /* Resources */,
			);
			buildRules = (
			);
			dependencies = (
			);
			name = "Reddit Client";
			productName = "Reddit Client";
			productReference = 951D665C250F442D009E5BCB /* Reddit Client.app */;
			productType = "com.apple.product-type.application";
		};
/* End PBXNativeTarget section */

/* Begin PBXProject section */
		951D6654250F442D009E5BCB /* Project object */ = {
			isa = PBXProject;
			attributes = {
				LastSwiftUpdateCheck = 1170;
				LastUpgradeCheck = 1170;
				ORGANIZATIONNAME = "Serg Tsarikovskiy";
				TargetAttributes = {
					951D665B250F442D009E5BCB = {
						CreatedOnToolsVersion = 11.7;
					};
				};
			};
			buildConfigurationList = 951D6657250F442D009E5BCB /* Build configuration list for PBXProject "Reddit Client" */;
			compatibilityVersion = "Xcode 9.3";
			developmentRegion = en;
			hasScannedForEncodings = 0;
			knownRegions = (
				en,
				Base,
			);
			mainGroup = 951D6653250F442D009E5BCB;
			productRefGroup = 951D665D250F442D009E5BCB /* Products */;
			projectDirPath = "";
			projectRoot = "";
			targets = (
				951D665B250F442D009E5BCB /* Reddit Client */,
			);
		};
/* End PBXProject section */

/* Begin PBXResourcesBuildPhase section */
		951D665A250F442D009E5BCB /* Resources */ = {
			isa = PBXResourcesBuildPhase;
			buildActionMask = 2147483647;
			files = (
				951D666C250F442F009E5BCB /* LaunchScreen.storyboard in Resources */,
				951D6669250F442F009E5BCB /* Assets.xcassets in Resources */,
				951D66A3250F8BD4009E5BCB /* TopPostsListViewController.storyboard in Resources */,
			);
			runOnlyForDeploymentPostprocessing = 0;
		};
/* End PBXResourcesBuildPhase section */

/* Begin PBXSourcesBuildPhase section */
		951D6658250F442D009E5BCB /* Sources */ = {
			isa = PBXSourcesBuildPhase;
			buildActionMask = 2147483647;
			files = (
				951D6688250F6B69009E5BCB /* TopPostsListProtocols.swift in Sources */,
				951D6664250F442D009E5BCB /* TopPostsListViewController.swift in Sources */,
				951D669C250F8AC7009E5BCB /* PostsList.swift in Sources */,
				951D669F250F8ACE009E5BCB /* APIError.swift in Sources */,
				951D6660250F442D009E5BCB /* AppDelegate.swift in Sources */,
				951D6683250F6808009E5BCB /* RedditServiceType.swift in Sources */,
				951D6686250F6A62009E5BCB /* TopPostsListModel.swift in Sources */,
				951D669D250F8AC7009E5BCB /* Post.swift in Sources */,
				951D6662250F442D009E5BCB /* SceneDelegate.swift in Sources */,
				951D66A1250F8B2A009E5BCB /* TopPostsListAssembly.swift in Sources */,
				951D6681250F67F9009E5BCB /* RedditService.swift in Sources */,
			);
			runOnlyForDeploymentPostprocessing = 0;
		};
/* End PBXSourcesBuildPhase section */

/* Begin PBXVariantGroup section */
		951D666A250F442F009E5BCB /* LaunchScreen.storyboard */ = {
			isa = PBXVariantGroup;
			children = (
				951D666B250F442F009E5BCB /* Base */,
			);
			name = LaunchScreen.storyboard;
			sourceTree = "<group>";
		};
/* End PBXVariantGroup section */

/* Begin XCBuildConfiguration section */
		951D666E250F442F009E5BCB /* Debug */ = {
			isa = XCBuildConfiguration;
			buildSettings = {
				ALWAYS_SEARCH_USER_PATHS = NO;
				CLANG_ANALYZER_NONNULL = YES;
				CLANG_ANALYZER_NUMBER_OBJECT_CONVERSION = YES_AGGRESSIVE;
				CLANG_CXX_LANGUAGE_STANDARD = "gnu++14";
				CLANG_CXX_LIBRARY = "libc++";
				CLANG_ENABLE_MODULES = YES;
				CLANG_ENABLE_OBJC_ARC = YES;
				CLANG_ENABLE_OBJC_WEAK = YES;
				CLANG_WARN_BLOCK_CAPTURE_AUTORELEASING = YES;
				CLANG_WARN_BOOL_CONVERSION = YES;
				CLANG_WARN_COMMA = YES;
				CLANG_WARN_CONSTANT_CONVERSION = YES;
				CLANG_WARN_DEPRECATED_OBJC_IMPLEMENTATIONS = YES;
				CLANG_WARN_DIRECT_OBJC_ISA_USAGE = YES_ERROR;
				CLANG_WARN_DOCUMENTATION_COMMENTS = YES;
				CLANG_WARN_EMPTY_BODY = YES;
				CLANG_WARN_ENUM_CONVERSION = YES;
				CLANG_WARN_INFINITE_RECURSION = YES;
				CLANG_WARN_INT_CONVERSION = YES;
				CLANG_WARN_NON_LITERAL_NULL_CONVERSION = YES;
				CLANG_WARN_OBJC_IMPLICIT_RETAIN_SELF = YES;
				CLANG_WARN_OBJC_LITERAL_CONVERSION = YES;
				CLANG_WARN_OBJC_ROOT_CLASS = YES_ERROR;
				CLANG_WARN_RANGE_LOOP_ANALYSIS = YES;
				CLANG_WARN_STRICT_PROTOTYPES = YES;
				CLANG_WARN_SUSPICIOUS_MOVE = YES;
				CLANG_WARN_UNGUARDED_AVAILABILITY = YES_AGGRESSIVE;
				CLANG_WARN_UNREACHABLE_CODE = YES;
				CLANG_WARN__DUPLICATE_METHOD_MATCH = YES;
				COPY_PHASE_STRIP = NO;
				DEBUG_INFORMATION_FORMAT = dwarf;
				ENABLE_STRICT_OBJC_MSGSEND = YES;
				ENABLE_TESTABILITY = YES;
				GCC_C_LANGUAGE_STANDARD = gnu11;
				GCC_DYNAMIC_NO_PIC = NO;
				GCC_NO_COMMON_BLOCKS = YES;
				GCC_OPTIMIZATION_LEVEL = 0;
				GCC_PREPROCESSOR_DEFINITIONS = (
					"DEBUG=1",
					"$(inherited)",
				);
				GCC_WARN_64_TO_32_BIT_CONVERSION = YES;
				GCC_WARN_ABOUT_RETURN_TYPE = YES_ERROR;
				GCC_WARN_UNDECLARED_SELECTOR = YES;
				GCC_WARN_UNINITIALIZED_AUTOS = YES_AGGRESSIVE;
				GCC_WARN_UNUSED_FUNCTION = YES;
				GCC_WARN_UNUSED_VARIABLE = YES;
				IPHONEOS_DEPLOYMENT_TARGET = 13.7;
				MTL_ENABLE_DEBUG_INFO = INCLUDE_SOURCE;
				MTL_FAST_MATH = YES;
				ONLY_ACTIVE_ARCH = YES;
				SDKROOT = iphoneos;
				SWIFT_ACTIVE_COMPILATION_CONDITIONS = DEBUG;
				SWIFT_OPTIMIZATION_LEVEL = "-Onone";
			};
			name = Debug;
		};
		951D666F250F442F009E5BCB /* Release */ = {
			isa = XCBuildConfiguration;
			buildSettings = {
				ALWAYS_SEARCH_USER_PATHS = NO;
				CLANG_ANALYZER_NONNULL = YES;
				CLANG_ANALYZER_NUMBER_OBJECT_CONVERSION = YES_AGGRESSIVE;
				CLANG_CXX_LANGUAGE_STANDARD = "gnu++14";
				CLANG_CXX_LIBRARY = "libc++";
				CLANG_ENABLE_MODULES = YES;
				CLANG_ENABLE_OBJC_ARC = YES;
				CLANG_ENABLE_OBJC_WEAK = YES;
				CLANG_WARN_BLOCK_CAPTURE_AUTORELEASING = YES;
				CLANG_WARN_BOOL_CONVERSION = YES;
				CLANG_WARN_COMMA = YES;
				CLANG_WARN_CONSTANT_CONVERSION = YES;
				CLANG_WARN_DEPRECATED_OBJC_IMPLEMENTATIONS = YES;
				CLANG_WARN_DIRECT_OBJC_ISA_USAGE = YES_ERROR;
				CLANG_WARN_DOCUMENTATION_COMMENTS = YES;
				CLANG_WARN_EMPTY_BODY = YES;
				CLANG_WARN_ENUM_CONVERSION = YES;
				CLANG_WARN_INFINITE_RECURSION = YES;
				CLANG_WARN_INT_CONVERSION = YES;
				CLANG_WARN_NON_LITERAL_NULL_CONVERSION = YES;
				CLANG_WARN_OBJC_IMPLICIT_RETAIN_SELF = YES;
				CLANG_WARN_OBJC_LITERAL_CONVERSION = YES;
				CLANG_WARN_OBJC_ROOT_CLASS = YES_ERROR;
				CLANG_WARN_RANGE_LOOP_ANALYSIS = YES;
				CLANG_WARN_STRICT_PROTOTYPES = YES;
				CLANG_WARN_SUSPICIOUS_MOVE = YES;
				CLANG_WARN_UNGUARDED_AVAILABILITY = YES_AGGRESSIVE;
				CLANG_WARN_UNREACHABLE_CODE = YES;
				CLANG_WARN__DUPLICATE_METHOD_MATCH = YES;
				COPY_PHASE_STRIP = NO;
				DEBUG_INFORMATION_FORMAT = "dwarf-with-dsym";
				ENABLE_NS_ASSERTIONS = NO;
				ENABLE_STRICT_OBJC_MSGSEND = YES;
				GCC_C_LANGUAGE_STANDARD = gnu11;
				GCC_NO_COMMON_BLOCKS = YES;
				GCC_WARN_64_TO_32_BIT_CONVERSION = YES;
				GCC_WARN_ABOUT_RETURN_TYPE = YES_ERROR;
				GCC_WARN_UNDECLARED_SELECTOR = YES;
				GCC_WARN_UNINITIALIZED_AUTOS = YES_AGGRESSIVE;
				GCC_WARN_UNUSED_FUNCTION = YES;
				GCC_WARN_UNUSED_VARIABLE = YES;
				IPHONEOS_DEPLOYMENT_TARGET = 13.7;
				MTL_ENABLE_DEBUG_INFO = NO;
				MTL_FAST_MATH = YES;
				SDKROOT = iphoneos;
				SWIFT_COMPILATION_MODE = wholemodule;
				SWIFT_OPTIMIZATION_LEVEL = "-O";
				VALIDATE_PRODUCT = YES;
			};
			name = Release;
		};
		951D6671250F442F009E5BCB /* Debug */ = {
			isa = XCBuildConfiguration;
			buildSettings = {
				ASSETCATALOG_COMPILER_APPICON_NAME = AppIcon;
				CODE_SIGN_STYLE = Automatic;
				INFOPLIST_FILE = "Reddit Client/SupportingFiles/Info.plist";
				IPHONEOS_DEPLOYMENT_TARGET = 13.7;
				LD_RUNPATH_SEARCH_PATHS = (
					"$(inherited)",
					"@executable_path/Frameworks",
				);
				PRODUCT_BUNDLE_IDENTIFIER = "com.serg.reddit.Reddit-Client";
				PRODUCT_NAME = "$(TARGET_NAME)";
				SWIFT_VERSION = 5.0;
				TARGETED_DEVICE_FAMILY = 1;
			};
			name = Debug;
		};
		951D6672250F442F009E5BCB /* Release */ = {
			isa = XCBuildConfiguration;
			buildSettings = {
				ASSETCATALOG_COMPILER_APPICON_NAME = AppIcon;
				CODE_SIGN_STYLE = Automatic;
				INFOPLIST_FILE = "Reddit Client/SupportingFiles/Info.plist";
				IPHONEOS_DEPLOYMENT_TARGET = 13.7;
				LD_RUNPATH_SEARCH_PATHS = (
					"$(inherited)",
					"@executable_path/Frameworks",
				);
				PRODUCT_BUNDLE_IDENTIFIER = "com.serg.reddit.Reddit-Client";
				PRODUCT_NAME = "$(TARGET_NAME)";
				SWIFT_VERSION = 5.0;
				TARGETED_DEVICE_FAMILY = 1;
			};
			name = Release;
		};
/* End XCBuildConfiguration section */

/* Begin XCConfigurationList section */
		951D6657250F442D009E5BCB /* Build configuration list for PBXProject "Reddit Client" */ = {
			isa = XCConfigurationList;
			buildConfigurations = (
				951D666E250F442F009E5BCB /* Debug */,
				951D666F250F442F009E5BCB /* Release */,
			);
			defaultConfigurationIsVisible = 0;
			defaultConfigurationName = Release;
		};
		951D6670250F442F009E5BCB /* Build configuration list for PBXNativeTarget "Reddit Client" */ = {
			isa = XCConfigurationList;
			buildConfigurations = (
				951D6671250F442F009E5BCB /* Debug */,
				951D6672250F442F009E5BCB /* Release */,
			);
			defaultConfigurationIsVisible = 0;
			defaultConfigurationName = Release;
		};
/* End XCConfigurationList section */
	};
	rootObject = 951D6654250F442D009E5BCB /* Project object */;
}
